{
  "name": "event_storming_board",
  "version": "1.0.0",
  "lockfileVersion": 1,
  "requires": true,
  "dependencies": {
    "bootstrap": {
      "version": "4.2.1",
      "resolved": "https://registry.npmjs.org/bootstrap/-/bootstrap-4.2.1.tgz",
      "integrity": "sha512-tt/7vIv3Gm2mnd/WeDx36nfGGHleil0Wg8IeB7eMrVkY0fZ5iTaBisSh8oNANc2IBsCc6vCgCNTIM/IEN0+50Q=="
    },
    "jquery": {
      "version": "3.3.1",
      "resolved": "https://registry.npmjs.org/jquery/-/jquery-3.3.1.tgz",
      "integrity": "sha512-Ubldcmxp5np52/ENotGxlLe6aGMvmF4R8S6tZjsP6Knsaxd/xp3Zrh50cG93lR6nPXyUFwzN3ZSOQI0wRJNdGg=="
    },
    "scroller": {
      "version": "0.0.3",
      "resolved": "https://registry.npmjs.org/scroller/-/scroller-0.0.3.tgz",
      "integrity": "sha1-TPRJRLxG2TB3l9hpOHP4p6v8bbY="
    }
  }
}
